{
    "version": 3,
    "terraform_version": "0.11.9",
    "serial": 146,
    "lineage": "cf2f8c88-59e0-36f1-7303-c75c9a2a5eba",
    "modules": [
        {
            "path": [
                "root"
            ],
            "outputs": {
                "elb_dns_name": {
                    "sensitive": false,
                    "type": "string",
                    "value": "app-elb-1898527295.eu-west-2.elb.amazonaws.com"
                },
                "instance_id": {
                    "sensitive": false,
                    "type": "string",
                    "value": "i-007a930caddc797b7"
                },
                "instance_url": {
                    "sensitive": false,
                    "type": "string",
                    "value": "http://3.8.115.17:8080"
                },
                "public_ip": {
                    "sensitive": false,
                    "type": "string",
                    "value": "3.8.115.17"
                }
            },
            "resources": {
                "aws_autoscaling_group.from": {
                    "type": "aws_autoscaling_group",
                    "depends_on": [
                        "aws_elb.app",
                        "aws_launch_configuration.basis",
                        "aws_subnet.subnets",
                        "aws_subnet.subnets.1",
                        "aws_subnet.subnets.2",
                        "data.aws_availability_zones.avzs"
                    ],
                    "primary": {
                        "id": "tf-asg-20181104055940391700000001",
                        "attributes": {
                            "arn": "arn:aws:autoscaling:eu-west-2:575261737943:autoScalingGroup:372d0d71-fb3f-40f9-8b7c-ab649e22c26e:autoScalingGroupName/tf-asg-20181104055940391700000001",
                            "availability_zones.#": "3",
                            "availability_zones.1501760113": "eu-west-2b",
                            "availability_zones.3230292939": "eu-west-2a",
                            "availability_zones.780417767": "eu-west-2c",
                            "default_cooldown": "300",
                            "desired_capacity": "2",
                            "enabled_metrics.#": "0",
                            "force_delete": "false",
                            "health_check_grace_period": "300",
                            "health_check_type": "ELB",
                            "id": "tf-asg-20181104055940391700000001",
                            "launch_configuration": "terraform-20181104065144941200000001",
                            "launch_template.#": "0",
                            "load_balancers.#": "1",
                            "load_balancers.887959510": "app-elb",
                            "max_size": "6",
                            "metrics_granularity": "1Minute",
                            "min_size": "2",
                            "name": "tf-asg-20181104055940391700000001",
                            "placement_group": "",
                            "protect_from_scale_in": "false",
                            "service_linked_role_arn": "arn:aws:iam::575261737943:role/aws-service-role/autoscaling.amazonaws.com/AWSServiceRoleForAutoScaling",
                            "suspended_processes.#": "0",
                            "tag.#": "1",
                            "tag.2632895732.key": "Name",
                            "tag.2632895732.propagate_at_launch": "true",
                            "tag.2632895732.value": "autoscaling-from-1-to-6",
                            "target_group_arns.#": "0",
                            "termination_policies.#": "0",
                            "vpc_zone_identifier.#": "3",
                            "vpc_zone_identifier.1303291921": "subnet-0858305153848f816",
                            "vpc_zone_identifier.249458837": "subnet-06f1d3dce7d7f6c49",
                            "vpc_zone_identifier.2548761536": "subnet-0f457e42d0b2bf778",
                            "wait_for_capacity_timeout": "10m"
                        },
                        "meta": {
                            "e2bfb730-ecaa-11e6-8f88-34363bc7c4c0": {
                                "delete": 600000000000
                            }
                        },
                        "tainted": false
                    },
                    "deposed": [],
                    "provider": "provider.aws"
                },
                "aws_elb.app": {
                    "type": "aws_elb",
                    "depends_on": [
                        "aws_instance.web1",
                        "aws_instance.web2",
                        "aws_instance.web3",
                        "aws_security_group.elb",
                        "aws_subnet.subnets.*"
                    ],
                    "primary": {
                        "id": "app-elb",
                        "attributes": {
                            "access_logs.#": "0",
                            "arn": "arn:aws:elasticloadbalancing:eu-west-2:575261737943:loadbalancer/app-elb",
                            "availability_zones.#": "3",
                            "availability_zones.1501760113": "eu-west-2b",
                            "availability_zones.3230292939": "eu-west-2a",
                            "availability_zones.780417767": "eu-west-2c",
                            "connection_draining": "true",
                            "connection_draining_timeout": "400",
                            "cross_zone_load_balancing": "true",
                            "dns_name": "app-elb-1898527295.eu-west-2.elb.amazonaws.com",
                            "health_check.#": "1",
                            "health_check.0.healthy_threshold": "2",
                            "health_check.0.interval": "30",
                            "health_check.0.target": "HTTP:8080/",
                            "health_check.0.timeout": "3",
                            "health_check.0.unhealthy_threshold": "2",
                            "id": "app-elb",
                            "idle_timeout": "400",
                            "instances.#": "2",
                            "instances.265525529": "i-0c49ff29eb2e1bb1d",
                            "instances.377567": "i-007a930caddc797b7",
                            "internal": "false",
                            "listener.#": "1",
                            "listener.3931999347.instance_port": "8080",
                            "listener.3931999347.instance_protocol": "http",
                            "listener.3931999347.lb_port": "80",
                            "listener.3931999347.lb_protocol": "http",
                            "listener.3931999347.ssl_certificate_id": "",
                            "name": "app-elb",
                            "security_groups.#": "1",
                            "security_groups.4102670227": "sg-0dfb537e6416442fe",
                            "source_security_group": "575261737943/terraform-example-elb",
                            "source_security_group_id": "sg-0dfb537e6416442fe",
                            "subnets.#": "3",
                            "subnets.1303291921": "subnet-0858305153848f816",
                            "subnets.249458837": "subnet-06f1d3dce7d7f6c49",
                            "subnets.2548761536": "subnet-0f457e42d0b2bf778",
                            "tags.%": "1",
                            "tags.Name": "Http-Elb",
                            "zone_id": "ZHURV8PSTC4K8"
                        },
                        "meta": {},
                        "tainted": false
                    },
                    "deposed": [],
                    "provider": "provider.aws"
                },
                "aws_iam_instance_profile.new_profile": {
                    "type": "aws_iam_instance_profile",
                    "depends_on": [
                        "aws_iam_role.ec2-s3_access_role"
                    ],
                    "primary": {
                        "id": "ec2-s3-access-role",
                        "attributes": {
                            "arn": "arn:aws:iam::575261737943:instance-profile/ec2-s3-access-role",
                            "create_date": "2018-11-04T05:48:23Z",
                            "id": "ec2-s3-access-role",
                            "name": "ec2-s3-access-role",
                            "path": "/",
                            "role": "s3-role",
                            "roles.#": "1",
                            "roles.2373901832": "s3-role",
                            "unique_id": "AIPAJVJLR7LL4ZKPJUXXQ"
                        },
                        "meta": {},
                        "tainted": false
                    },
                    "deposed": [],
                    "provider": "provider.aws"
                },
                "aws_iam_policy.policy": {
                    "type": "aws_iam_policy",
                    "depends_on": [],
                    "primary": {
                        "id": "arn:aws:iam::575261737943:policy/new-policy",
                        "attributes": {
                            "arn": "arn:aws:iam::575261737943:policy/new-policy",
                            "description": "A new policy",
                            "id": "arn:aws:iam::575261737943:policy/new-policy",
                            "name": "new-policy",
                            "path": "/",
                            "policy": "{\n    \"Version\": \"2012-10-17\",\n    \"Statement\": [\n        {\n            \"Effect\": \"Allow\",\n            \"Action\": \"s3:*\",\n            \"Resource\": \"*\"\n        }\n    ]\n}\n"
                        },
                        "meta": {},
                        "tainted": false
                    },
                    "deposed": [],
                    "provider": "provider.aws"
                },
                "aws_iam_policy_attachment.new-attach": {
                    "type": "aws_iam_policy_attachment",
                    "depends_on": [
                        "aws_iam_policy.policy",
                        "aws_iam_role.ec2-s3_access_role"
                    ],
                    "primary": {
                        "id": "new-attachment",
                        "attributes": {
                            "groups.#": "0",
                            "id": "new-attachment",
                            "name": "new-attachment",
                            "policy_arn": "arn:aws:iam::575261737943:policy/new-policy",
                            "roles.#": "1",
                            "roles.2373901832": "s3-role",
                            "users.#": "0"
                        },
                        "meta": {},
                        "tainted": false
                    },
                    "deposed": [],
                    "provider": "provider.aws"
                },
                "aws_iam_role.ec2-s3_access_role": {
                    "type": "aws_iam_role",
                    "depends_on": [],
                    "primary": {
                        "id": "s3-role",
                        "attributes": {
                            "arn": "arn:aws:iam::575261737943:role/s3-role",
                            "assume_role_policy": "{\"Version\":\"2012-10-17\",\"Statement\":[{\"Sid\":\"\",\"Effect\":\"Allow\",\"Principal\":{\"Service\":\"ec2.amazonaws.com\"},\"Action\":\"sts:AssumeRole\"}]}",
                            "create_date": "2018-11-04T05:48:17Z",
                            "description": "",
                            "force_detach_policies": "false",
                            "id": "s3-role",
                            "max_session_duration": "3600",
                            "name": "s3-role",
                            "path": "/",
                            "unique_id": "AROAJTAROUHJ2XV3YOFMQ"
                        },
                        "meta": {},
                        "tainted": false
                    },
                    "deposed": [],
                    "provider": "provider.aws"
                },
                "aws_instance.web1": {
                    "type": "aws_instance",
                    "depends_on": [
                        "aws_iam_instance_profile.new_profile",
                        "aws_security_group.instance",
                        "aws_subnet.subnets",
                        "data.aws_ami.ubuntu",
                        "data.aws_availability_zones.avzs",
                        "data.template_file.user_data"
                    ],
                    "primary": {
                        "id": "i-007a930caddc797b7",
                        "attributes": {
                            "ami": "ami-06f77073d7dc4c48a",
                            "arn": "arn:aws:ec2:eu-west-2:575261737943:instance/i-007a930caddc797b7",
                            "associate_public_ip_address": "true",
                            "availability_zone": "eu-west-2a",
                            "cpu_core_count": "1",
                            "cpu_threads_per_core": "1",
                            "credit_specification.#": "1",
                            "credit_specification.0.cpu_credits": "standard",
                            "disable_api_termination": "false",
                            "ebs_block_device.#": "0",
                            "ebs_optimized": "false",
                            "ephemeral_block_device.#": "0",
                            "get_password_data": "false",
                            "iam_instance_profile": "ec2-s3-access-role",
                            "id": "i-007a930caddc797b7",
                            "instance_state": "running",
                            "instance_type": "t2.micro",
                            "ipv6_addresses.#": "0",
                            "key_name": "MyEc2Key",
                            "monitoring": "false",
                            "network_interface.#": "0",
                            "network_interface_id": "eni-0f795078b011d6aa0",
                            "password_data": "",
                            "placement_group": "",
                            "primary_network_interface_id": "eni-0f795078b011d6aa0",
                            "private_dns": "ip-10-0-1-211.eu-west-2.compute.internal",
                            "private_ip": "10.0.1.211",
                            "public_dns": "ec2-3-8-115-17.eu-west-2.compute.amazonaws.com",
                            "public_ip": "3.8.115.17",
                            "root_block_device.#": "1",
                            "root_block_device.0.delete_on_termination": "true",
                            "root_block_device.0.iops": "100",
                            "root_block_device.0.volume_id": "vol-0a3fe4b8ab15de50b",
                            "root_block_device.0.volume_size": "8",
                            "root_block_device.0.volume_type": "gp2",
                            "security_groups.#": "0",
                            "source_dest_check": "true",
                            "subnet_id": "subnet-0f457e42d0b2bf778",
                            "tags.%": "1",
                            "tags.Name": "web1-public",
                            "tenancy": "default",
                            "user_data": "ab1e5c010712c512119599bff0eaca178798c2b7",
                            "volume_tags.%": "0",
                            "vpc_security_group_ids.#": "1",
                            "vpc_security_group_ids.3143745372": "sg-069c5a24fe888de40"
                        },
                        "meta": {
                            "e2bfb730-ecaa-11e6-8f88-34363bc7c4c0": {
                                "create": 600000000000,
                                "delete": 1200000000000,
                                "update": 600000000000
                            },
                            "schema_version": "1"
                        },
                        "tainted": false
                    },
                    "deposed": [],
                    "provider": "provider.aws"
                },
                "aws_instance.web2": {
                    "type": "aws_instance",
                    "depends_on": [
                        "aws_iam_instance_profile.new_profile",
                        "aws_security_group.instance",
                        "aws_subnet.subnets.1",
                        "data.aws_ami.ubuntu",
                        "data.aws_availability_zones.avzs",
                        "data.template_file.user_data"
                    ],
                    "primary": {
                        "id": "i-0c49ff29eb2e1bb1d",
                        "attributes": {
                            "ami": "ami-06f77073d7dc4c48a",
                            "arn": "arn:aws:ec2:eu-west-2:575261737943:instance/i-0c49ff29eb2e1bb1d",
                            "associate_public_ip_address": "true",
                            "availability_zone": "eu-west-2b",
                            "cpu_core_count": "1",
                            "cpu_threads_per_core": "1",
                            "credit_specification.#": "1",
                            "credit_specification.0.cpu_credits": "standard",
                            "disable_api_termination": "false",
                            "ebs_block_device.#": "0",
                            "ebs_optimized": "false",
                            "ephemeral_block_device.#": "0",
                            "get_password_data": "false",
                            "iam_instance_profile": "ec2-s3-access-role",
                            "id": "i-0c49ff29eb2e1bb1d",
                            "instance_state": "running",
                            "instance_type": "t2.micro",
                            "ipv6_addresses.#": "0",
                            "key_name": "MyEc2Key",
                            "monitoring": "false",
                            "network_interface.#": "0",
                            "network_interface_id": "eni-04bb7a2bda20f4590",
                            "password_data": "",
                            "placement_group": "",
                            "primary_network_interface_id": "eni-04bb7a2bda20f4590",
                            "private_dns": "ip-10-0-2-28.eu-west-2.compute.internal",
                            "private_ip": "10.0.2.28",
                            "public_dns": "ec2-18-130-95-65.eu-west-2.compute.amazonaws.com",
                            "public_ip": "18.130.95.65",
                            "root_block_device.#": "1",
                            "root_block_device.0.delete_on_termination": "true",
                            "root_block_device.0.iops": "100",
                            "root_block_device.0.volume_id": "vol-061eeeb3a62ac46ab",
                            "root_block_device.0.volume_size": "8",
                            "root_block_device.0.volume_type": "gp2",
                            "security_groups.#": "0",
                            "source_dest_check": "true",
                            "subnet_id": "subnet-0858305153848f816",
                            "tags.%": "1",
                            "tags.Name": "web2-public",
                            "tenancy": "default",
                            "user_data": "ab1e5c010712c512119599bff0eaca178798c2b7",
                            "volume_tags.%": "0",
                            "vpc_security_group_ids.#": "1",
                            "vpc_security_group_ids.3143745372": "sg-069c5a24fe888de40"
                        },
                        "meta": {
                            "e2bfb730-ecaa-11e6-8f88-34363bc7c4c0": {
                                "create": 600000000000,
                                "delete": 1200000000000,
                                "update": 600000000000
                            },
                            "schema_version": "1"
                        },
                        "tainted": false
                    },
                    "deposed": [],
                    "provider": "provider.aws"
                },
                "aws_instance.web3": {
                    "type": "aws_instance",
                    "depends_on": [
                        "aws_iam_instance_profile.new_profile",
                        "aws_security_group.instance",
                        "aws_subnet.subnets.2",
                        "data.aws_ami.ubuntu",
                        "data.aws_availability_zones.avzs",
                        "data.template_file.user_data"
                    ],
                    "primary": {
                        "id": "i-0e84093f18aca033f",
                        "attributes": {
                            "ami": "ami-06f77073d7dc4c48a",
                            "arn": "arn:aws:ec2:eu-west-2:575261737943:instance/i-0e84093f18aca033f",
                            "associate_public_ip_address": "true",
                            "availability_zone": "eu-west-2c",
                            "cpu_core_count": "1",
                            "cpu_threads_per_core": "1",
                            "credit_specification.#": "1",
                            "credit_specification.0.cpu_credits": "standard",
                            "disable_api_termination": "false",
                            "ebs_block_device.#": "0",
                            "ebs_optimized": "false",
                            "ephemeral_block_device.#": "0",
                            "get_password_data": "false",
                            "iam_instance_profile": "ec2-s3-access-role",
                            "id": "i-0e84093f18aca033f",
                            "instance_state": "running",
                            "instance_type": "t2.micro",
                            "ipv6_addresses.#": "0",
                            "key_name": "MyEc2Key",
                            "monitoring": "false",
                            "network_interface.#": "0",
                            "network_interface_id": "eni-0fdcd1ce85e33b7f6",
                            "password_data": "",
                            "placement_group": "",
                            "primary_network_interface_id": "eni-0fdcd1ce85e33b7f6",
                            "private_dns": "ip-10-0-3-25.eu-west-2.compute.internal",
                            "private_ip": "10.0.3.25",
                            "public_dns": "ec2-3-8-20-199.eu-west-2.compute.amazonaws.com",
                            "public_ip": "3.8.20.199",
                            "root_block_device.#": "1",
                            "root_block_device.0.delete_on_termination": "true",
                            "root_block_device.0.iops": "100",
                            "root_block_device.0.volume_id": "vol-072a42fcca3358772",
                            "root_block_device.0.volume_size": "8",
                            "root_block_device.0.volume_type": "gp2",
                            "security_groups.#": "0",
                            "source_dest_check": "true",
                            "subnet_id": "subnet-06f1d3dce7d7f6c49",
                            "tags.%": "1",
                            "tags.Name": "web3-public",
                            "tenancy": "default",
                            "user_data": "ab1e5c010712c512119599bff0eaca178798c2b7",
                            "volume_tags.%": "0",
                            "vpc_security_group_ids.#": "1",
                            "vpc_security_group_ids.3143745372": "sg-069c5a24fe888de40"
                        },
                        "meta": {
                            "e2bfb730-ecaa-11e6-8f88-34363bc7c4c0": {
                                "create": 600000000000,
                                "delete": 1200000000000,
                                "update": 600000000000
                            },
                            "schema_version": "1"
                        },
                        "tainted": false
                    },
                    "deposed": [],
                    "provider": "provider.aws"
                },
                "aws_internet_gateway.gw": {
                    "type": "aws_internet_gateway",
                    "depends_on": [
                        "aws_vpc.main"
                    ],
                    "primary": {
                        "id": "igw-0d1d3fbf7cf3ede9d",
                        "attributes": {
                            "id": "igw-0d1d3fbf7cf3ede9d",
                            "tags.%": "1",
                            "tags.Name": "VPC IGW",
                            "vpc_id": "vpc-0d7cfbde9455d1461"
                        },
                        "meta": {},
                        "tainted": false
                    },
                    "deposed": [],
                    "provider": "provider.aws"
                },
                "aws_launch_configuration.basis": {
                    "type": "aws_launch_configuration",
                    "depends_on": [],
                    "primary": {
                        "id": "terraform-20181104065144941200000001",
                        "attributes": {
                            "associate_public_ip_address": "true",
                            "ebs_block_device.#": "0",
                            "ebs_optimized": "false",
                            "enable_monitoring": "true",
                            "ephemeral_block_device.#": "0",
                            "iam_instance_profile": "",
                            "id": "terraform-20181104065144941200000001",
                            "image_id": "ami-06f77073d7dc4c48a",
                            "instance_type": "t2.micro",
                            "key_name": "MyEc2Key",
                            "name": "terraform-20181104065144941200000001",
                            "root_block_device.#": "0",
                            "security_groups.#": "1",
                            "security_groups.3143745372": "sg-069c5a24fe888de40",
                            "spot_price": "",
                            "user_data": "ab1e5c010712c512119599bff0eaca178798c2b7",
                            "vpc_classic_link_id": "",
                            "vpc_classic_link_security_groups.#": "0"
                        },
                        "meta": {},
                        "tainted": false
                    },
                    "deposed": [
                        {
                            "id": "terraform-20181104054853518900000001",
                            "attributes": {
                                "associate_public_ip_address": "true",
                                "ebs_block_device.#": "0",
                                "ebs_optimized": "false",
                                "enable_monitoring": "true",
                                "ephemeral_block_device.#": "0",
                                "iam_instance_profile": "",
                                "id": "terraform-20181104054853518900000001",
                                "image_id": "ami-06f77073d7dc4c48a",
                                "instance_type": "t2.micro",
                                "key_name": "MyEc2Key",
                                "name": "terraform-20181104054853518900000001",
                                "root_block_device.#": "0",
                                "security_groups.#": "1",
                                "security_groups.3143745372": "sg-069c5a24fe888de40",
                                "spot_price": "",
                                "user_data": "382e22347a661e3ff7bab5c4d062c6bee7d93117",
                                "vpc_classic_link_id": "",
                                "vpc_classic_link_security_groups.#": "0"
                            },
                            "meta": {},
                            "tainted": false
                        }
                    ],
                    "provider": "provider.aws"
                },
                "aws_network_interface.net": {
                    "type": "aws_network_interface",
                    "depends_on": [
                        "aws_subnet.subnets"
                    ],
                    "primary": {
                        "id": "eni-0860e46791468a209",
                        "attributes": {
                            "attachment.#": "0",
                            "description": "",
                            "id": "eni-0860e46791468a209",
                            "private_dns_name": "ip-10-0-1-249.eu-west-2.compute.internal",
                            "private_ip": "10.0.1.249",
                            "private_ips.#": "1",
                            "private_ips.752874472": "10.0.1.249",
                            "security_groups.#": "1",
                            "security_groups.129471807": "sg-02c9a4a21eca2934c",
                            "source_dest_check": "true",
                            "subnet_id": "subnet-0f457e42d0b2bf778",
                            "tags.%": "1",
                            "tags.Name": "primary_network_interface"
                        },
                        "meta": {},
                        "tainted": false
                    },
                    "deposed": [],
                    "provider": "provider.aws"
                },
                "aws_route_table.pubsub": {
                    "type": "aws_route_table",
                    "depends_on": [
                        "aws_internet_gateway.gw",
                        "aws_vpc.main"
                    ],
                    "primary": {
                        "id": "rtb-0883b44783e6f20e0",
                        "attributes": {
                            "id": "rtb-0883b44783e6f20e0",
                            "propagating_vgws.#": "0",
                            "route.#": "1",
                            "route.680325539.cidr_block": "0.0.0.0/0",
                            "route.680325539.egress_only_gateway_id": "",
                            "route.680325539.gateway_id": "igw-0d1d3fbf7cf3ede9d",
                            "route.680325539.instance_id": "",
                            "route.680325539.ipv6_cidr_block": "",
                            "route.680325539.nat_gateway_id": "",
                            "route.680325539.network_interface_id": "",
                            "route.680325539.vpc_peering_connection_id": "",
                            "tags.%": "1",
                            "tags.Name": "Public Subnet ",
                            "vpc_id": "vpc-0d7cfbde9455d1461"
                        },
                        "meta": {},
                        "tainted": false
                    },
                    "deposed": [],
                    "provider": "provider.aws"
                },
                "aws_route_table_association.sub1-rt": {
                    "type": "aws_route_table_association",
                    "depends_on": [
                        "aws_route_table.pubsub",
                        "aws_subnet.subnets"
                    ],
                    "primary": {
                        "id": "rtbassoc-025803cecf70d2aa4",
                        "attributes": {
                            "id": "rtbassoc-025803cecf70d2aa4",
                            "route_table_id": "rtb-0883b44783e6f20e0",
                            "subnet_id": "subnet-0f457e42d0b2bf778"
                        },
                        "meta": {},
                        "tainted": false
                    },
                    "deposed": [],
                    "provider": "provider.aws"
                },
                "aws_route_table_association.sub2-rt": {
                    "type": "aws_route_table_association",
                    "depends_on": [
                        "aws_route_table.pubsub",
                        "aws_subnet.subnets.1"
                    ],
                    "primary": {
                        "id": "rtbassoc-0d39f6aa48f6c3d86",
                        "attributes": {
                            "id": "rtbassoc-0d39f6aa48f6c3d86",
                            "route_table_id": "rtb-0883b44783e6f20e0",
                            "subnet_id": "subnet-0858305153848f816"
                        },
                        "meta": {},
                        "tainted": false
                    },
                    "deposed": [],
                    "provider": "provider.aws"
                },
                "aws_route_table_association.sub3-rt": {
                    "type": "aws_route_table_association",
                    "depends_on": [
                        "aws_route_table.pubsub",
                        "aws_subnet.subnets.2"
                    ],
                    "primary": {
                        "id": "rtbassoc-01c2288c641202ead",
                        "attributes": {
                            "id": "rtbassoc-01c2288c641202ead",
                            "route_table_id": "rtb-0883b44783e6f20e0",
                            "subnet_id": "subnet-06f1d3dce7d7f6c49"
                        },
                        "meta": {},
                        "tainted": false
                    },
                    "deposed": [],
                    "provider": "provider.aws"
                },
                "aws_s3_bucket_object.object": {
                    "type": "aws_s3_bucket_object",
                    "depends_on": [],
                    "primary": {
                        "id": "index.html",
                        "attributes": {
                            "acl": "private",
                            "bucket": "amirco99-bucket",
                            "cache_control": "",
                            "content_disposition": "",
                            "content_encoding": "",
                            "content_language": "",
                            "content_type": "binary/octet-stream",
                            "etag": "068a5ae7ceea961eefcfdd100dfd046f",
                            "id": "index.html",
                            "key": "index.html",
                            "server_side_encryption": "",
                            "source": "/Users/acohan/Documents/terraform/exam/user-data/myindex.html",
                            "storage_class": "STANDARD",
                            "tags.%": "0",
                            "version_id": "",
                            "website_redirect": ""
                        },
                        "meta": {},
                        "tainted": false
                    },
                    "deposed": [],
                    "provider": "provider.aws"
                },
                "aws_security_group.elb": {
                    "type": "aws_security_group",
                    "depends_on": [
                        "aws_vpc.main"
                    ],
                    "primary": {
                        "id": "sg-0dfb537e6416442fe",
                        "attributes": {
                            "arn": "arn:aws:ec2:eu-west-2:575261737943:security-group/sg-0dfb537e6416442fe",
                            "description": "Managed by Terraform",
                            "egress.#": "1",
                            "egress.482069346.cidr_blocks.#": "1",
                            "egress.482069346.cidr_blocks.0": "0.0.0.0/0",
                            "egress.482069346.description": "",
                            "egress.482069346.from_port": "0",
                            "egress.482069346.ipv6_cidr_blocks.#": "0",
                            "egress.482069346.prefix_list_ids.#": "0",
                            "egress.482069346.protocol": "-1",
                            "egress.482069346.security_groups.#": "0",
                            "egress.482069346.self": "false",
                            "egress.482069346.to_port": "0",
                            "id": "sg-0dfb537e6416442fe",
                            "ingress.#": "1",
                            "ingress.2214680975.cidr_blocks.#": "1",
                            "ingress.2214680975.cidr_blocks.0": "0.0.0.0/0",
                            "ingress.2214680975.description": "",
                            "ingress.2214680975.from_port": "80",
                            "ingress.2214680975.ipv6_cidr_blocks.#": "0",
                            "ingress.2214680975.prefix_list_ids.#": "0",
                            "ingress.2214680975.protocol": "tcp",
                            "ingress.2214680975.security_groups.#": "0",
                            "ingress.2214680975.self": "false",
                            "ingress.2214680975.to_port": "80",
                            "name": "terraform-example-elb",
                            "owner_id": "575261737943",
                            "revoke_rules_on_delete": "false",
                            "tags.%": "0",
                            "vpc_id": "vpc-0d7cfbde9455d1461"
                        },
                        "meta": {
                            "e2bfb730-ecaa-11e6-8f88-34363bc7c4c0": {
                                "create": 600000000000,
                                "delete": 600000000000
                            },
                            "schema_version": "1"
                        },
                        "tainted": false
                    },
                    "deposed": [],
                    "provider": "provider.aws"
                },
                "aws_security_group.instance": {
                    "type": "aws_security_group",
                    "depends_on": [
                        "aws_vpc.main"
                    ],
                    "primary": {
                        "id": "sg-069c5a24fe888de40",
                        "attributes": {
                            "arn": "arn:aws:ec2:eu-west-2:575261737943:security-group/sg-069c5a24fe888de40",
                            "description": "Managed by Terraform",
                            "egress.#": "1",
                            "egress.482069346.cidr_blocks.#": "1",
                            "egress.482069346.cidr_blocks.0": "0.0.0.0/0",
                            "egress.482069346.description": "",
                            "egress.482069346.from_port": "0",
                            "egress.482069346.ipv6_cidr_blocks.#": "0",
                            "egress.482069346.prefix_list_ids.#": "0",
                            "egress.482069346.protocol": "-1",
                            "egress.482069346.security_groups.#": "0",
                            "egress.482069346.self": "false",
                            "egress.482069346.to_port": "0",
                            "id": "sg-069c5a24fe888de40",
                            "ingress.#": "2",
                            "ingress.2541437006.cidr_blocks.#": "1",
                            "ingress.2541437006.cidr_blocks.0": "0.0.0.0/0",
                            "ingress.2541437006.description": "",
                            "ingress.2541437006.from_port": "22",
                            "ingress.2541437006.ipv6_cidr_blocks.#": "0",
                            "ingress.2541437006.prefix_list_ids.#": "0",
                            "ingress.2541437006.protocol": "tcp",
                            "ingress.2541437006.security_groups.#": "0",
                            "ingress.2541437006.self": "false",
                            "ingress.2541437006.to_port": "22",
                            "ingress.516175195.cidr_blocks.#": "1",
                            "ingress.516175195.cidr_blocks.0": "0.0.0.0/0",
                            "ingress.516175195.description": "",
                            "ingress.516175195.from_port": "8080",
                            "ingress.516175195.ipv6_cidr_blocks.#": "0",
                            "ingress.516175195.prefix_list_ids.#": "0",
                            "ingress.516175195.protocol": "tcp",
                            "ingress.516175195.security_groups.#": "0",
                            "ingress.516175195.self": "false",
                            "ingress.516175195.to_port": "8080",
                            "name": "Test-web",
                            "owner_id": "575261737943",
                            "revoke_rules_on_delete": "false",
                            "tags.%": "0",
                            "vpc_id": "vpc-0d7cfbde9455d1461"
                        },
                        "meta": {
                            "e2bfb730-ecaa-11e6-8f88-34363bc7c4c0": {
                                "create": 600000000000,
                                "delete": 600000000000
                            },
                            "schema_version": "1"
                        },
                        "tainted": false
                    },
                    "deposed": [],
                    "provider": "provider.aws"
                },
                "aws_subnet.subnets.0": {
                    "type": "aws_subnet",
                    "depends_on": [
                        "aws_vpc.main",
                        "data.aws_availability_zones.avzs"
                    ],
                    "primary": {
                        "id": "subnet-0f457e42d0b2bf778",
                        "attributes": {
                            "arn": "arn:aws:ec2:eu-west-2:575261737943:subnet/subnet-0f457e42d0b2bf778",
                            "assign_ipv6_address_on_creation": "false",
                            "availability_zone": "eu-west-2a",
                            "cidr_block": "10.0.1.0/24",
                            "id": "subnet-0f457e42d0b2bf778",
                            "map_public_ip_on_launch": "false",
                            "tags.%": "2",
                            "tags.Location": "Mod-1",
                            "tags.Name": "Subnet-1",
                            "vpc_id": "vpc-0d7cfbde9455d1461"
                        },
                        "meta": {
                            "e2bfb730-ecaa-11e6-8f88-34363bc7c4c0": {
                                "create": 600000000000,
                                "delete": 600000000000
                            },
                            "schema_version": "1"
                        },
                        "tainted": false
                    },
                    "deposed": [],
                    "provider": "provider.aws"
                },
                "aws_subnet.subnets.1": {
                    "type": "aws_subnet",
                    "depends_on": [
                        "aws_vpc.main",
                        "data.aws_availability_zones.avzs"
                    ],
                    "primary": {
                        "id": "subnet-0858305153848f816",
                        "attributes": {
                            "arn": "arn:aws:ec2:eu-west-2:575261737943:subnet/subnet-0858305153848f816",
                            "assign_ipv6_address_on_creation": "false",
                            "availability_zone": "eu-west-2b",
                            "cidr_block": "10.0.2.0/24",
                            "id": "subnet-0858305153848f816",
                            "map_public_ip_on_launch": "false",
                            "tags.%": "2",
                            "tags.Location": "Mod-2",
                            "tags.Name": "Subnet-2",
                            "vpc_id": "vpc-0d7cfbde9455d1461"
                        },
                        "meta": {
                            "e2bfb730-ecaa-11e6-8f88-34363bc7c4c0": {
                                "create": 600000000000,
                                "delete": 600000000000
                            },
                            "schema_version": "1"
                        },
                        "tainted": false
                    },
                    "deposed": [],
                    "provider": "provider.aws"
                },
                "aws_subnet.subnets.2": {
                    "type": "aws_subnet",
                    "depends_on": [
                        "aws_vpc.main",
                        "data.aws_availability_zones.avzs"
                    ],
                    "primary": {
                        "id": "subnet-06f1d3dce7d7f6c49",
                        "attributes": {
                            "arn": "arn:aws:ec2:eu-west-2:575261737943:subnet/subnet-06f1d3dce7d7f6c49",
                            "assign_ipv6_address_on_creation": "false",
                            "availability_zone": "eu-west-2c",
                            "cidr_block": "10.0.3.0/24",
                            "id": "subnet-06f1d3dce7d7f6c49",
                            "map_public_ip_on_launch": "false",
                            "tags.%": "2",
                            "tags.Location": "Mod-3",
                            "tags.Name": "Subnet-3",
                            "vpc_id": "vpc-0d7cfbde9455d1461"
                        },
                        "meta": {
                            "e2bfb730-ecaa-11e6-8f88-34363bc7c4c0": {
                                "create": 600000000000,
                                "delete": 600000000000
                            },
                            "schema_version": "1"
                        },
                        "tainted": false
                    },
                    "deposed": [],
                    "provider": "provider.aws"
                },
                "aws_vpc.main": {
                    "type": "aws_vpc",
                    "depends_on": [],
                    "primary": {
                        "id": "vpc-0d7cfbde9455d1461",
                        "attributes": {
                            "arn": "arn:aws:ec2:eu-west-2:575261737943:vpc/vpc-0d7cfbde9455d1461",
                            "assign_generated_ipv6_cidr_block": "false",
                            "cidr_block": "10.0.0.0/16",
                            "default_network_acl_id": "acl-0ff7b9e6ee6551d60",
                            "default_route_table_id": "rtb-017d259b5bdbcab3c",
                            "default_security_group_id": "sg-02c9a4a21eca2934c",
                            "dhcp_options_id": "dopt-7deb8315",
                            "enable_dns_hostnames": "true",
                            "enable_dns_support": "true",
                            "id": "vpc-0d7cfbde9455d1461",
                            "instance_tenancy": "default",
                            "main_route_table_id": "rtb-017d259b5bdbcab3c",
                            "tags.%": "2",
                            "tags.Lcation": "Tel-Aviv",
                            "tags.Name": "Main"
                        },
                        "meta": {
                            "schema_version": "1"
                        },
                        "tainted": false
                    },
                    "deposed": [],
                    "provider": "provider.aws"
                },
                "data.aws_ami.ubuntu": {
                    "type": "aws_ami",
                    "depends_on": [],
                    "primary": {
                        "id": "ami-06f77073d7dc4c48a",
                        "attributes": {
                            "architecture": "x86_64",
                            "block_device_mappings.#": "3",
                            "block_device_mappings.1634610537.device_name": "/dev/sdb",
                            "block_device_mappings.1634610537.ebs.%": "0",
                            "block_device_mappings.1634610537.no_device": "",
                            "block_device_mappings.1634610537.virtual_name": "ephemeral0",
                            "block_device_mappings.2547816212.device_name": "/dev/sda1",
                            "block_device_mappings.2547816212.ebs.%": "6",
                            "block_device_mappings.2547816212.ebs.delete_on_termination": "true",
                            "block_device_mappings.2547816212.ebs.encrypted": "false",
                            "block_device_mappings.2547816212.ebs.iops": "0",
                            "block_device_mappings.2547816212.ebs.snapshot_id": "snap-0988bf6d1f0bc7fc8",
                            "block_device_mappings.2547816212.ebs.volume_size": "8",
                            "block_device_mappings.2547816212.ebs.volume_type": "gp2",
                            "block_device_mappings.2547816212.no_device": "",
                            "block_device_mappings.2547816212.virtual_name": "",
                            "block_device_mappings.3850042718.device_name": "/dev/sdc",
                            "block_device_mappings.3850042718.ebs.%": "0",
                            "block_device_mappings.3850042718.no_device": "",
                            "block_device_mappings.3850042718.virtual_name": "ephemeral1",
                            "creation_date": "2018-10-13T16:44:03.000Z",
                            "description": "Canonical, Ubuntu, 16.04 LTS, amd64 xenial image build on 2018-10-12",
                            "filter.#": "4",
                            "filter.1297260861.name": "image-type",
                            "filter.1297260861.values.#": "1",
                            "filter.1297260861.values.0": "machine",
                            "filter.1585153008.name": "name",
                            "filter.1585153008.values.#": "1",
                            "filter.1585153008.values.0": "ubuntu/images/hvm-ssd/ubuntu-xenial-16.04-amd64-server-*",
                            "filter.3386043752.name": "architecture",
                            "filter.3386043752.values.#": "1",
                            "filter.3386043752.values.0": "x86_64",
                            "filter.490168357.name": "virtualization-type",
                            "filter.490168357.values.#": "1",
                            "filter.490168357.values.0": "hvm",
                            "hypervisor": "xen",
                            "id": "ami-06f77073d7dc4c48a",
                            "image_id": "ami-06f77073d7dc4c48a",
                            "image_location": "099720109477/ubuntu/images/hvm-ssd/ubuntu-xenial-16.04-amd64-server-20181012",
                            "image_type": "machine",
                            "most_recent": "true",
                            "name": "ubuntu/images/hvm-ssd/ubuntu-xenial-16.04-amd64-server-20181012",
                            "owner_id": "099720109477",
                            "owners.#": "1",
                            "owners.0": "099720109477",
                            "product_codes.#": "0",
                            "public": "true",
                            "root_device_name": "/dev/sda1",
                            "root_device_type": "ebs",
                            "root_snapshot_id": "snap-0988bf6d1f0bc7fc8",
                            "sriov_net_support": "simple",
                            "state": "available",
                            "state_reason.%": "2",
                            "state_reason.code": "UNSET",
                            "state_reason.message": "UNSET",
                            "tags.%": "0",
                            "virtualization_type": "hvm"
                        },
                        "meta": {},
                        "tainted": false
                    },
                    "deposed": [],
                    "provider": "provider.aws"
                },
                "data.aws_availability_zones.avzs": {
                    "type": "aws_availability_zones",
                    "depends_on": [],
                    "primary": {
                        "id": "2018-11-04 07:05:09.052607 +0000 UTC",
                        "attributes": {
                            "id": "2018-11-04 07:05:09.052607 +0000 UTC",
                            "names.#": "3",
                            "names.0": "eu-west-2a",
                            "names.1": "eu-west-2b",
                            "names.2": "eu-west-2c"
                        },
                        "meta": {},
                        "tainted": false
                    },
                    "deposed": [],
                    "provider": "provider.aws"
                },
                "data.template_file.auser_data": {
                    "type": "template_file",
                    "depends_on": [],
                    "primary": {
                        "id": "aaa12b0c5a0654a5552ad4e079b2ba370293c0fdca3751b5f7eb5eed0220cbb8",
                        "attributes": {
                            "id": "aaa12b0c5a0654a5552ad4e079b2ba370293c0fdca3751b5f7eb5eed0220cbb8",
                            "rendered": "#!/bin/bash\n# This script is meant to be run in the User Data of an EC2 Instance while it's booting. It starts a simple\n# \"Hello, World\" web server.\n\nset -e\n\n# Send the log output from this script to user-data.log, syslog, and the console\n# From: https://alestic.com/2010/12/ec2-user-data-output/\nexec \u003e \u003e(tee /var/log/auto_user-data.log|logger -t auto_user-data -s 2\u003e/dev/console) 2\u003e\u00261\n\n# The variables below are filled in using Terraform interpolation\necho \"\u003chtml\u003e\u003cbody\u003e\u003ch1\u003eHello CreditFi User You are Testing my AWS web Site\u003c/h1\u003e\u003c/body\u003c\u003c/html\u003e\" \u003e index.html\nsudo apt-get update\nsudo apt-get -y install nginx\nsudo service nginx start\nnohup busybox httpd -f -p \"8080\" \u0026\n\n",
                            "template": "#!/bin/bash\n# This script is meant to be run in the User Data of an EC2 Instance while it's booting. It starts a simple\n# \"Hello, World\" web server.\n\nset -e\n\n# Send the log output from this script to user-data.log, syslog, and the console\n# From: https://alestic.com/2010/12/ec2-user-data-output/\nexec \u003e \u003e(tee /var/log/auto_user-data.log|logger -t auto_user-data -s 2\u003e/dev/console) 2\u003e\u00261\n\n# The variables below are filled in using Terraform interpolation\necho \"${instance_text}\" \u003e index.html\nsudo apt-get update\nsudo apt-get -y install nginx\nsudo service nginx start\nnohup busybox httpd -f -p \"${instance_port}\" \u0026\n\n",
                            "vars.%": "2",
                            "vars.instance_port": "8080",
                            "vars.instance_text": "\u003chtml\u003e\u003cbody\u003e\u003ch1\u003eHello CreditFi User You are Testing my AWS web Site\u003c/h1\u003e\u003c/body\u003c\u003c/html\u003e"
                        },
                        "meta": {},
                        "tainted": false
                    },
                    "deposed": [],
                    "provider": "provider.template"
                },
                "data.template_file.user_data": {
                    "type": "template_file",
                    "depends_on": [],
                    "primary": {
                        "id": "4ae92d2105969b147cde5a77ef891e796ebc513e665c6e72158fce4db4579925",
                        "attributes": {
                            "id": "4ae92d2105969b147cde5a77ef891e796ebc513e665c6e72158fce4db4579925",
                            "rendered": "#!/bin/bash\n# This script is meant to be run in the User Data of an EC2 Instance while it's booting. It starts a simple\n# \"Hello, World\" web server.\n\nset -e\n\n# Send the log output from this script to user-data.log, syslog, and the console\n# From: https://alestic.com/2010/12/ec2-user-data-output/\nexec \u003e \u003e(tee /var/log/user-data.log|logger -t user-data -s 2\u003e/dev/console) 2\u003e\u00261\n\n# The variables below are filled in using Terraform interpolation\necho \"\u003chtml\u003e\u003cbody\u003e\u003ch1\u003eHello CreditFi User You are Testing my AWS web Site\u003c/h1\u003e\u003c/body\u003c\u003c/html\u003e\" \u003e index.html\nsudo apt-get update\n#nohup busybox httpd -f -p \"8080\" \u0026\napt install awscli -y\naws s3 cp --recursive s3://amirco99-bucket  / --region eu-west-2\nsudo apt-get -y install nginx\n#sudo service nginx start\n#export HOSTNAME=$(curl -s http://169.254.169.254/latest/metadata/hostname)\n#export $PUBLIC_IPV$=$(curl -s curl http://169.254.169.254/latest/meta-data/public-ipv4)\n#echo Hi from AWS $HOSTNAME, with IP Address: $PUBLIC_IPV \u003e /var/www/html/indexx.nginx.html\nnohup busybox httpd -f -p \"8080\" \u0026\n\n",
                            "template": "#!/bin/bash\n# This script is meant to be run in the User Data of an EC2 Instance while it's booting. It starts a simple\n# \"Hello, World\" web server.\n\nset -e\n\n# Send the log output from this script to user-data.log, syslog, and the console\n# From: https://alestic.com/2010/12/ec2-user-data-output/\nexec \u003e \u003e(tee /var/log/user-data.log|logger -t user-data -s 2\u003e/dev/console) 2\u003e\u00261\n\n# The variables below are filled in using Terraform interpolation\necho \"${instance_text}\" \u003e index.html\nsudo apt-get update\n#nohup busybox httpd -f -p \"${instance_port}\" \u0026\napt install awscli -y\naws s3 cp --recursive s3://amirco99-bucket  / --region eu-west-2\nsudo apt-get -y install nginx\n#sudo service nginx start\n#export HOSTNAME=$(curl -s http://169.254.169.254/latest/metadata/hostname)\n#export $PUBLIC_IPV$=$(curl -s curl http://169.254.169.254/latest/meta-data/public-ipv4)\n#echo Hi from AWS $HOSTNAME, with IP Address: $PUBLIC_IPV \u003e /var/www/html/indexx.nginx.html\nnohup busybox httpd -f -p \"${instance_port}\" \u0026\n\n",
                            "vars.%": "2",
                            "vars.instance_port": "8080",
                            "vars.instance_text": "\u003chtml\u003e\u003cbody\u003e\u003ch1\u003eHello CreditFi User You are Testing my AWS web Site\u003c/h1\u003e\u003c/body\u003c\u003c/html\u003e"
                        },
                        "meta": {},
                        "tainted": false
                    },
                    "deposed": [],
                    "provider": "provider.template"
                }
            },
            "depends_on": []
        }
    ]
}
